<Solution>
  <Folder Name="/src/">
    <Project Path="src/LoadGenerator/LoadGenerator.csproj" />
    <Project Path="src/Shared/Shared.csproj" />
    <Project Path="src/Worker/Worker.csproj" />
  </Folder>
  <Folder Name="/tests/">
    <Project Path="tests/Tests/Tests.csproj" />
  </Folder>
</Solution>
